// !$*UTF8*$!
{
	archiveVersion = 1;
	classes = {
	};
	objectVersion = 55;
	objects = {

/* Begin PBXBuildFile section */
		363B56DA28D94BE4003CA585 /* Assig05-Prog01.cpp in Sources */ = {isa = PBXBuildFile; fileRef = 363B56D928D94BE4003CA585 /* Assig05-Prog01.cpp */; };
		363B56E728D95893003CA585 /* Assig05-Prog02.cpp in Sources */ = {isa = PBXBuildFile; fileRef = 363B56E628D95893003CA585 /* Assig05-Prog02.cpp */; };
/* End PBXBuildFile section */

/* Begin PBXCopyFilesBuildPhase section */
		363B56D428D94BE4003CA585 /* CopyFiles */ = {
			isa = PBXCopyFilesBuildPhase;
			buildActionMask = 2147483647;
			dstPath = /usr/share/man/man1/;
			dstSubfolderSpec = 0;
			files = (
			);
			runOnlyForDeploymentPostprocessing = 1;
		};
		363B56E228D95893003CA585 /* CopyFiles */ = {
			isa = PBXCopyFilesBuildPhase;
			buildActionMask = 2147483647;
			dstPath = /usr/share/man/man1/;
			dstSubfolderSpec = 0;
			files = (
			);
			runOnlyForDeploymentPostprocessing = 1;
		};
/* End PBXCopyFilesBuildPhase section */

/* Begin PBXFileReference section */
		363B56D628D94BE4003CA585 /* Assignment05 */ = {isa = PBXFileReference; explicitFileType = "compiled.mach-o.executable"; includeInIndex = 0; path = Assignment05; sourceTree = BUILT_PRODUCTS_DIR; };
		363B56D928D94BE4003CA585 /* Assig05-Prog01.cpp */ = {isa = PBXFileReference; lastKnownFileType = sourcecode.cpp.cpp; path = "Assig05-Prog01.cpp"; sourceTree = "<group>"; };
		363B56E428D95893003CA585 /* Assign05-Prog02 */ = {isa = PBXFileReference; explicitFileType = "compiled.mach-o.executable"; includeInIndex = 0; path = "Assign05-Prog02"; sourceTree = BUILT_PRODUCTS_DIR; };
		363B56E628D95893003CA585 /* Assig05-Prog02.cpp */ = {isa = PBXFileReference; lastKnownFileType = sourcecode.cpp.cpp; path = "Assig05-Prog02.cpp"; sourceTree = "<group>"; };
/* End PBXFileReference section */

/* Begin PBXFrameworksBuildPhase section */
		363B56D328D94BE4003CA585 /* Frameworks */ = {
			isa = PBXFrameworksBuildPhase;
			buildActionMask = 2147483647;
			files = (
			);
			runOnlyForDeploymentPostprocessing = 0;
		};
		363B56E128D95893003CA585 /* Frameworks */ = {
			isa = PBXFrameworksBuildPhase;
			buildActionMask = 2147483647;
			files = (
			);
			runOnlyForDeploymentPostprocessing = 0;
		};
/* End PBXFrameworksBuildPhase section */

/* Begin PBXGroup section */
		363B56CD28D94BE4003CA585 = {
			isa = PBXGroup;
			children = (
				363B56D828D94BE4003CA585 /* Assig05-Prog01 */,
				363B56E528D95893003CA585 /* Assign05-Prog02 */,
				363B56D728D94BE4003CA585 /* Products */,
			);
			sourceTree = "<group>";
		};
		363B56D728D94BE4003CA585 /* Products */ = {
			isa = PBXGroup;
			children = (
				363B56D628D94BE4003CA585 /* Assignment05 */,
				363B56E428D95893003CA585 /* Assign05-Prog02 */,
			);
			name = Products;
			sourceTree = "<group>";
		};
		363B56D828D94BE4003CA585 /* Assig05-Prog01 */ = {
			isa = PBXGroup;
			children = (
				363B56D928D94BE4003CA585 /* Assig05-Prog01.cpp */,
			);
			path = "Assig05-Prog01";
			sourceTree = "<group>";
		};
		363B56E528D95893003CA585 /* Assign05-Prog02 */ = {
			isa = PBXGroup;
			children = (
				363B56E628D95893003CA585 /* Assig05-Prog02.cpp */,
			);
			path = "Assign05-Prog02";
			sourceTree = "<group>";
		};
/* End PBXGroup section */

/* Begin PBXNativeTarget section */
		363B56D528D94BE4003CA585 /* Assignment05 */ = {
			isa = PBXNativeTarget;
			buildConfigurationList = 363B56DD28D94BE4003CA585 /* Build configuration list for PBXNativeTarget "Assignment05" */;
			buildPhases = (
				363B56D228D94BE4003CA585 /* Sources */,
				363B56D328D94BE4003CA585 /* Frameworks */,
				363B56D428D94BE4003CA585 /* CopyFiles */,
			);
			buildRules = (
			);
			dependencies = (
			);
			name = Assignment05;
			productName = Assignment05;
			productReference = 363B56D628D94BE4003CA585 /* Assignment05 */;
			productType = "com.apple.product-type.tool";
		};
		363B56E328D95893003CA585 /* Assign05-Prog02 */ = {
			isa = PBXNativeTarget;
			buildConfigurationList = 363B56E828D95893003CA585 /* Build configuration list for PBXNativeTarget "Assign05-Prog02" */;
			buildPhases = (
				363B56E028D95893003CA585 /* Sources */,
				363B56E128D95893003CA585 /* Frameworks */,
				363B56E228D95893003CA585 /* CopyFiles */,
			);
			buildRules = (
			);
			dependencies = (
			);
			name = "Assign05-Prog02";
			productName = "Assign05-Prog02";
			productReference = 363B56E428D95893003CA585 /* Assign05-Prog02 */;
			productType = "com.apple.product-type.tool";
		};
/* End PBXNativeTarget section */

/* Begin PBXProject section */
		363B56CE28D94BE4003CA585 /* Project object */ = {
			isa = PBXProject;
			attributes = {
				BuildIndependentTargetsInParallel = 1;
				LastUpgradeCheck = 1340;
				TargetAttributes = {
					363B56D528D94BE4003CA585 = {
						CreatedOnToolsVersion = 13.4.1;
					};
					363B56E328D95893003CA585 = {
						CreatedOnToolsVersion = 13.4.1;
					};
				};
			};
			buildConfigurationList = 363B56D128D94BE4003CA585 /* Build configuration list for PBXProject "Assignment05" */;
			compatibilityVersion = "Xcode 13.0";
			developmentRegion = en;
			hasScannedForEncodings = 0;
			knownRegions = (
				en,
				Base,
			);
			mainGroup = 363B56CD28D94BE4003CA585;
			productRefGroup = 363B56D728D94BE4003CA585 /* Products */;
			projectDirPath = "";
			projectRoot = "";
			targets = (
				363B56D528D94BE4003CA585 /* Assignment05 */,
				363B56E328D95893003CA585 /* Assign05-Prog02 */,
			);
		};
/* End PBXProject section */

/* Begin PBXSourcesBuildPhase section */
		363B56D228D94BE4003CA585 /* Sources */ = {
			isa = PBXSourcesBuildPhase;
			buildActionMask = 2147483647;
			files = (
				363B56DA28D94BE4003CA585 /* Assig05-Prog01.cpp in Sources */,
			);
			runOnlyForDeploymentPostprocessing = 0;
		};
		363B56E028D95893003CA585 /* Sources */ = {
			isa = PBXSourcesBuildPhase;
			buildActionMask = 2147483647;
			files = (
				363B56E728D95893003CA585 /* Assig05-Prog02.cpp in Sources */,
			);
			runOnlyForDeploymentPostprocessing = 0;
		};
/* End PBXSourcesBuildPhase section */

/* Begin XCBuildConfiguration section */
		363B56DB28D94BE4003CA585 /* Debug */ = {
			isa = XCBuildConfiguration;
			buildSettings = {
				ALWAYS_SEARCH_USER_PATHS = NO;
				CLANG_ANALYZER_NONNULL = YES;
				CLANG_ANALYZER_NUMBER_OBJECT_CONVERSION = YES_AGGRESSIVE;
				CLANG_CXX_LANGUAGE_STANDARD = "gnu++17";
				CLANG_ENABLE_MODULES = YES;
				CLANG_ENABLE_OBJC_ARC = YES;
				CLANG_ENABLE_OBJC_WEAK = YES;
				CLANG_WARN_BLOCK_CAPTURE_AUTORELEASING = YES;
				CLANG_WARN_BOOL_CONVERSION = YES;
				CLANG_WARN_COMMA = YES;
				CLANG_WARN_CONSTANT_CONVERSION = YES;
				CLANG_WARN_DEPRECATED_OBJC_IMPLEMENTATIONS = YES;
				CLANG_WARN_DIRECT_OBJC_ISA_USAGE = YES_ERROR;
				CLANG_WARN_DOCUMENTATION_COMMENTS = YES;
				CLANG_WARN_EMPTY_BODY = YES;
				CLANG_WARN_ENUM_CONVERSION = YES;
				CLANG_WARN_INFINITE_RECURSION = YES;
				CLANG_WARN_INT_CONVERSION = YES;
				CLANG_WARN_NON_LITERAL_NULL_CONVERSION = YES;
				CLANG_WARN_OBJC_IMPLICIT_RETAIN_SELF = YES;
				CLANG_WARN_OBJC_LITERAL_CONVERSION = YES;
				CLANG_WARN_OBJC_ROOT_CLASS = YES_ERROR;
				CLANG_WARN_QUOTED_INCLUDE_IN_FRAMEWORK_HEADER = YES;
				CLANG_WARN_RANGE_LOOP_ANALYSIS = YES;
				CLANG_WARN_STRICT_PROTOTYPES = YES;
				CLANG_WARN_SUSPICIOUS_MOVE = YES;
				CLANG_WARN_UNGUARDED_AVAILABILITY = YES_AGGRESSIVE;
				CLANG_WARN_UNREACHABLE_CODE = YES;
				CLANG_WARN__DUPLICATE_METHOD_MATCH = YES;
				COPY_PHASE_STRIP = NO;
				DEBUG_INFORMATION_FORMAT = dwarf;
				ENABLE_STRICT_OBJC_MSGSEND = YES;
				ENABLE_TESTABILITY = YES;
				GCC_C_LANGUAGE_STANDARD = gnu11;
				GCC_DYNAMIC_NO_PIC = NO;
				GCC_NO_COMMON_BLOCKS = YES;
				GCC_OPTIMIZATION_LEVEL = 0;
				GCC_PREPROCESSOR_DEFINITIONS = (
					"DEBUG=1",
					"$(inherited)",
				);
				GCC_WARN_64_TO_32_BIT_CONVERSION = YES;
				GCC_WARN_ABOUT_RETURN_TYPE = YES_ERROR;
				GCC_WARN_UNDECLARED_SELECTOR = YES;
				GCC_WARN_UNINITIALIZED_AUTOS = YES_AGGRESSIVE;
				GCC_WARN_UNUSED_FUNCTION = YES;
				GCC_WARN_UNUSED_VARIABLE = YES;
				MACOSX_DEPLOYMENT_TARGET = 12.3;
				MTL_ENABLE_DEBUG_INFO = INCLUDE_SOURCE;
				MTL_FAST_MATH = YES;
				ONLY_ACTIVE_ARCH = YES;
				SDKROOT = macosx;
			};
			name = Debug;
		};
		363B56DC28D94BE4003CA585 /* Release */ = {
			isa = XCBuildConfiguration;
			buildSettings = {
				ALWAYS_SEARCH_USER_PATHS = NO;
				CLANG_ANALYZER_NONNULL = YES;
				CLANG_ANALYZER_NUMBER_OBJECT_CONVERSION = YES_AGGRESSIVE;
				CLANG_CXX_LANGUAGE_STANDARD = "gnu++17";
				CLANG_ENABLE_MODULES = YES;
				CLANG_ENABLE_OBJC_ARC = YES;
				CLANG_ENABLE_OBJC_WEAK = YES;
				CLANG_WARN_BLOCK_CAPTURE_AUTORELEASING = YES;
				CLANG_WARN_BOOL_CONVERSION = YES;
				CLANG_WARN_COMMA = YES;
				CLANG_WARN_CONSTANT_CONVERSION = YES;
				CLANG_WARN_DEPRECATED_OBJC_IMPLEMENTATIONS = YES;
				CLANG_WARN_DIRECT_OBJC_ISA_USAGE = YES_ERROR;
				CLANG_WARN_DOCUMENTATION_COMMENTS = YES;
				CLANG_WARN_EMPTY_BODY = YES;
				CLANG_WARN_ENUM_CONVERSION = YES;
				CLANG_WARN_INFINITE_RECURSION = YES;
				CLANG_WARN_INT_CONVERSION = YES;
				CLANG_WARN_NON_LITERAL_NULL_CONVERSION = YES;
				CLANG_WARN_OBJC_IMPLICIT_RETAIN_SELF = YES;
				CLANG_WARN_OBJC_LITERAL_CONVERSION = YES;
				CLANG_WARN_OBJC_ROOT_CLASS = YES_ERROR;
				CLANG_WARN_QUOTED_INCLUDE_IN_FRAMEWORK_HEADER = YES;
				CLANG_WARN_RANGE_LOOP_ANALYSIS = YES;
				CLANG_WARN_STRICT_PROTOTYPES = YES;
				CLANG_WARN_SUSPICIOUS_MOVE = YES;
				CLANG_WARN_UNGUARDED_AVAILABILITY = YES_AGGRESSIVE;
				CLANG_WARN_UNREACHABLE_CODE = YES;
				CLANG_WARN__DUPLICATE_METHOD_MATCH = YES;
				COPY_PHASE_STRIP = NO;
				DEBUG_INFORMATION_FORMAT = "dwarf-with-dsym";
				ENABLE_NS_ASSERTIONS = NO;
				ENABLE_STRICT_OBJC_MSGSEND = YES;
				GCC_C_LANGUAGE_STANDARD = gnu11;
				GCC_NO_COMMON_BLOCKS = YES;
				GCC_WARN_64_TO_32_BIT_CONVERSION = YES;
				GCC_WARN_ABOUT_RETURN_TYPE = YES_ERROR;
				GCC_WARN_UNDECLARED_SELECTOR = YES;
				GCC_WARN_UNINITIALIZED_AUTOS = YES_AGGRESSIVE;
				GCC_WARN_UNUSED_FUNCTION = YES;
				GCC_WARN_UNUSED_VARIABLE = YES;
				MACOSX_DEPLOYMENT_TARGET = 12.3;
				MTL_ENABLE_DEBUG_INFO = NO;
				MTL_FAST_MATH = YES;
				SDKROOT = macosx;
			};
			name = Release;
		};
		363B56DE28D94BE4003CA585 /* Debug */ = {
			isa = XCBuildConfiguration;
			buildSettings = {
				CODE_SIGN_STYLE = Automatic;
				PRODUCT_NAME = "$(TARGET_NAME)";
			};
			name = Debug;
		};
		363B56DF28D94BE4003CA585 /* Release */ = {
			isa = XCBuildConfiguration;
			buildSettings = {
				CODE_SIGN_STYLE = Automatic;
				PRODUCT_NAME = "$(TARGET_NAME)";
			};
			name = Release;
		};
		363B56E928D95893003CA585 /* Debug */ = {
			isa = XCBuildConfiguration;
			buildSettings = {
				CODE_SIGN_STYLE = Automatic;
				PRODUCT_NAME = "$(TARGET_NAME)";
			};
			name = Debug;
		};
		363B56EA28D95893003CA585 /* Release */ = {
			isa = XCBuildConfiguration;
			buildSettings = {
				CODE_SIGN_STYLE = Automatic;
				PRODUCT_NAME = "$(TARGET_NAME)";
			};
			name = Release;
		};
/* End XCBuildConfiguration section */

/* Begin XCConfigurationList section */
		363B56D128D94BE4003CA585 /* Build configuration list for PBXProject "Assignment05" */ = {
			isa = XCConfigurationList;
			buildConfigurations = (
				363B56DB28D94BE4003CA585 /* Debug */,
				363B56DC28D94BE4003CA585 /* Release */,
			);
			defaultConfigurationIsVisible = 0;
			defaultConfigurationName = Release;
		};
		363B56DD28D94BE4003CA585 /* Build configuration list for PBXNativeTarget "Assignment05" */ = {
			isa = XCConfigurationList;
			buildConfigurations = (
				363B56DE28D94BE4003CA585 /* Debug */,
				363B56DF28D94BE4003CA585 /* Release */,
			);
			defaultConfigurationIsVisible = 0;
			defaultConfigurationName = Release;
		};
		363B56E828D95893003CA585 /* Build configuration list for PBXNativeTarget "Assign05-Prog02" */ = {
			isa = XCConfigurationList;
			buildConfigurations = (
				363B56E928D95893003CA585 /* Debug */,
				363B56EA28D95893003CA585 /* Release */,
			);
			defaultConfigurationIsVisible = 0;
			defaultConfigurationName = Release;
		};
/* End XCConfigurationList section */
	};
	rootObject = 363B56CE28D94BE4003CA585 /* Project object */;
}
